
Microsoft Visual Studio Solution File, Format Version 12.00
# Visual Studio Version 16
VisualStudioVersion = 16.0.31205.134
MinimumVisualStudioVersion = 10.0.40219.1
Project("{2150E333-8FDC-42A3-9474-1A3956D46DE8}") = "Solution Items", "Solution Items", "{DC056A9F-E87C-4DB1-8319-1DAB740ADF42}"
	ProjectSection(SolutionItems) = preProject
		.editorconfig = .editorconfig
	EndProjectSection
EndProject
Project("{9A19103F-16F7-4668-BE54-9A1E7A4F7556}") = "jasMIN.DynAzureDns", "jasMIN.DynAzureDns\jasMIN.DynAzureDns.csproj", "{0DA3031D-C3C8-48A6-8088-E34124F54ABB}"
EndProject
Global
	GlobalSection(SolutionConfigurationPlatforms) = preSolution
		Debug|Any CPU = Debug|Any CPU
		Release|Any CPU = Release|Any CPU
	EndGlobalSection
	GlobalSection(ProjectConfigurationPlatforms) = postSolution
		{0DA3031D-C3C8-48A6-8088-E34124F54ABB}.Debug|Any CPU.ActiveCfg = Debug|Any CPU
		{0DA3031D-C3C8-48A6-8088-E34124F54ABB}.Debug|Any CPU.Build.0 = Debug|Any CPU
		{0DA3031D-C3C8-48A6-8088-E34124F54ABB}.Release|Any CPU.ActiveCfg = Release|Any CPU
		{0DA3031D-C3C8-48A6-8088-E34124F54ABB}.Release|Any CPU.Build.0 = Release|Any CPU
	EndGlobalSection
	GlobalSection(SolutionProperties) = preSolution
		HideSolutionNode = FALSE
	EndGlobalSection
	GlobalSection(ExtensibilityGlobals) = postSolution
		SolutionGuid = {D5A161AB-8A1D-4795-966F-876C9E41A0A5}
	EndGlobalSection
EndGlobal
